Microsoft Visual Studio Solution File, Format Version 12.00
# Visual Studio Version 17
VisualStudioVersion = 17.5.2.0
MinimumVisualStudioVersion = 10.0.40219.1
Project("{FAE04EC0-301F-11D3-BF4B-00C04F79EFBC}") = "SalesService.IntegrationTests", "SalesService.IntegrationTests\SalesService.IntegrationTests.csproj", "{C3AFBF77-1594-B70D-35CC-9716F4990393}"
EndProject
Project("{FAE04EC0-301F-11D3-BF4B-00C04F79EFBC}") = "SalesService.Infrastructure", "SalesService.Infrastructure\SalesService.Infrastructure.csproj", "{192B196D-2D40-084B-F865-D831F390F889}"
EndProject
Project("{FAE04EC0-301F-11D3-BF4B-00C04F79EFBC}") = "SalesService.Application", "SalesService.Application\SalesService.Application.csproj", "{26EDAF1F-56BB-E49C-C60B-99781F7B09C0}"
EndProject
Project("{FAE04EC0-301F-11D3-BF4B-00C04F79EFBC}") = "SalesService.Domain", "SalesService.Domain\SalesService.Domain.csproj", "{6EC707D5-6EB8-26DE-B2B6-00AF51074EF7}"
EndProject
Project("{FAE04EC0-301F-11D3-BF4B-00C04F79EFBC}") = "SalesService.API", "SalesService.API\SalesService.API.csproj", "{1DBA3EE6-8D05-F3F6-7C39-C346B4A1F547}"
EndProject
Project("{FAE04EC0-301F-11D3-BF4B-00C04F79EFBC}") = "SalesService.UnitTests", "SalesService.UnitTests\SalesService.UnitTests.csproj", "{5D3CA678-3690-0D63-2170-BC79DE0BD8C4}"
EndProject
Global
	GlobalSection(SolutionConfigurationPlatforms) = preSolution
		Debug|Any CPU = Debug|Any CPU
		Release|Any CPU = Release|Any CPU
	EndGlobalSection
	GlobalSection(ProjectConfigurationPlatforms) = postSolution
		{C3AFBF77-1594-B70D-35CC-9716F4990393}.Debug|Any CPU.ActiveCfg = Debug|Any CPU
		{C3AFBF77-1594-B70D-35CC-9716F4990393}.Debug|Any CPU.Build.0 = Debug|Any CPU
		{C3AFBF77-1594-B70D-35CC-9716F4990393}.Release|Any CPU.ActiveCfg = Release|Any CPU
		{C3AFBF77-1594-B70D-35CC-9716F4990393}.Release|Any CPU.Build.0 = Release|Any CPU
		{192B196D-2D40-084B-F865-D831F390F889}.Debug|Any CPU.ActiveCfg = Debug|Any CPU
		{192B196D-2D40-084B-F865-D831F390F889}.Debug|Any CPU.Build.0 = Debug|Any CPU
		{192B196D-2D40-084B-F865-D831F390F889}.Release|Any CPU.ActiveCfg = Release|Any CPU
		{192B196D-2D40-084B-F865-D831F390F889}.Release|Any CPU.Build.0 = Release|Any CPU
		{26EDAF1F-56BB-E49C-C60B-99781F7B09C0}.Debug|Any CPU.ActiveCfg = Debug|Any CPU
		{26EDAF1F-56BB-E49C-C60B-99781F7B09C0}.Debug|Any CPU.Build.0 = Debug|Any CPU
		{26EDAF1F-56BB-E49C-C60B-99781F7B09C0}.Release|Any CPU.ActiveCfg = Release|Any CPU
		{26EDAF1F-56BB-E49C-C60B-99781F7B09C0}.Release|Any CPU.Build.0 = Release|Any CPU
		{6EC707D5-6EB8-26DE-B2B6-00AF51074EF7}.Debug|Any CPU.ActiveCfg = Debug|Any CPU
		{6EC707D5-6EB8-26DE-B2B6-00AF51074EF7}.Debug|Any CPU.Build.0 = Debug|Any CPU
		{6EC707D5-6EB8-26DE-B2B6-00AF51074EF7}.Release|Any CPU.ActiveCfg = Release|Any CPU
		{6EC707D5-6EB8-26DE-B2B6-00AF51074EF7}.Release|Any CPU.Build.0 = Release|Any CPU
		{1DBA3EE6-8D05-F3F6-7C39-C346B4A1F547}.Debug|Any CPU.ActiveCfg = Debug|Any CPU
		{1DBA3EE6-8D05-F3F6-7C39-C346B4A1F547}.Debug|Any CPU.Build.0 = Debug|Any CPU
		{1DBA3EE6-8D05-F3F6-7C39-C346B4A1F547}.Release|Any CPU.ActiveCfg = Release|Any CPU
		{1DBA3EE6-8D05-F3F6-7C39-C346B4A1F547}.Release|Any CPU.Build.0 = Release|Any CPU
		{5D3CA678-3690-0D63-2170-BC79DE0BD8C4}.Debug|Any CPU.ActiveCfg = Debug|Any CPU
		{5D3CA678-3690-0D63-2170-BC79DE0BD8C4}.Debug|Any CPU.Build.0 = Debug|Any CPU
		{5D3CA678-3690-0D63-2170-BC79DE0BD8C4}.Release|Any CPU.ActiveCfg = Release|Any CPU
		{5D3CA678-3690-0D63-2170-BC79DE0BD8C4}.Release|Any CPU.Build.0 = Release|Any CPU
	EndGlobalSection
	GlobalSection(SolutionProperties) = preSolution
		HideSolutionNode = FALSE
	EndGlobalSection
	GlobalSection(ExtensibilityGlobals) = postSolution
		SolutionGuid = {10B27B57-BCCC-4CDF-9E55-8C13C179F0CF}
	EndGlobalSection
EndGlobal
